// !$*UTF8*$!
{
	archiveVersion = 1;
	classes = {
	};
	objectVersion = 46;
	objects = {

/* Begin PBXBuildFile section */
		ED17713A1F82D66000485079 /* AppDelegate.swift in Sources */ = {isa = PBXBuildFile; fileRef = ED1771391F82D66000485079 /* AppDelegate.swift */; };
		ED17713C1F82D66000485079 /* ViewController.swift in Sources */ = {isa = PBXBuildFile; fileRef = ED17713B1F82D66000485079 /* ViewController.swift */; };
		ED17713F1F82D66000485079 /* Main.storyboard in Resources */ = {isa = PBXBuildFile; fileRef = ED17713D1F82D66000485079 /* Main.storyboard */; };
		ED1771411F82D66000485079 /* Assets.xcassets in Resources */ = {isa = PBXBuildFile; fileRef = ED1771401F82D66000485079 /* Assets.xcassets */; };
		ED1771441F82D66000485079 /* LaunchScreen.storyboard in Resources */ = {isa = PBXBuildFile; fileRef = ED1771421F82D66000485079 /* LaunchScreen.storyboard */; };
/* End PBXBuildFile section */

/* Begin PBXFileReference section */
		ED1771361F82D66000485079 /* Caratula.app */ = {isa = PBXFileReference; explicitFileType = wrapper.application; includeInIndex = 0; path = Caratula.app; sourceTree = BUILT_PRODUCTS_DIR; };
		ED1771391F82D66000485079 /* AppDelegate.swift */ = {isa = PBXFileReference; lastKnownFileType = sourcecode.swift; path = AppDelegate.swift; sourceTree = "<group>"; };
		ED17713B1F82D66000485079 /* ViewController.swift */ = {isa = PBXFileReference; lastKnownFileType = sourcecode.swift; path = ViewController.swift; sourceTree = "<group>"; };
		ED17713E1F82D66000485079 /* Base */ = {isa = PBXFileReference; lastKnownFileType = file.storyboard; name = Base; path = Base.lproj/Main.storyboard; sourceTree = "<group>"; };
		ED1771401F82D66000485079 /* Assets.xcassets */ = {isa = PBXFileReference; lastKnownFileType = folder.assetcatalog; path = Assets.xcassets; sourceTree = "<group>"; };
		ED1771431F82D66000485079 /* Base */ = {isa = PBXFileReference; lastKnownFileType = file.storyboard; name = Base; path = Base.lproj/LaunchScreen.storyboard; sourceTree = "<group>"; };
		ED1771451F82D66000485079 /* Info.plist */ = {isa = PBXFileReference; lastKnownFileType = text.plist.xml; path = Info.plist; sourceTree = "<group>"; };
/* End PBXFileReference section */

/* Begin PBXFrameworksBuildPhase section */
		ED1771331F82D66000485079 /* Frameworks */ = {
			isa = PBXFrameworksBuildPhase;
			buildActionMask = 2147483647;
			files = (
			);
			runOnlyForDeploymentPostprocessing = 0;
		};
/* End PBXFrameworksBuildPhase section */

/* Begin PBXGroup section */
		ED17712D1F82D66000485079 = {
			isa = PBXGroup;
			children = (
				ED1771381F82D66000485079 /* Caratula */,
				ED1771371F82D66000485079 /* Products */,
			);
			sourceTree = "<group>";
		};
		ED1771371F82D66000485079 /* Products */ = {
			isa = PBXGroup;
			children = (
				ED1771361F82D66000485079 /* Caratula.app */,
			);
			name = Products;
			sourceTree = "<group>";
		};
		ED1771381F82D66000485079 /* Caratula */ = {
			isa = PBXGroup;
			children = (
				ED1771391F82D66000485079 /* AppDelegate.swift */,
				ED17713B1F82D66000485079 /* ViewController.swift */,
				ED17713D1F82D66000485079 /* Main.storyboard */,
				ED1771401F82D66000485079 /* Assets.xcassets */,
				ED1771421F82D66000485079 /* LaunchScreen.storyboard */,
				ED1771451F82D66000485079 /* Info.plist */,
			);
			path = Caratula;
			sourceTree = "<group>";
		};
/* End PBXGroup section */

/* Begin PBXNativeTarget section */
		ED1771351F82D66000485079 /* Caratula */ = {
			isa = PBXNativeTarget;
			buildConfigurationList = ED1771481F82D66000485079 /* Build configuration list for PBXNativeTarget "Caratula" */;
			buildPhases = (
				ED1771321F82D66000485079 /* Sources */,
				ED1771331F82D66000485079 /* Frameworks */,
				ED1771341F82D66000485079 /* Resources */,
			);
			buildRules = (
			);
			dependencies = (
			);
			name = Caratula;
			productName = Caratula;
			productReference = ED1771361F82D66000485079 /* Caratula.app */;
			productType = "com.apple.product-type.application";
		};
/* End PBXNativeTarget section */

/* Begin PBXProject section */
		ED17712E1F82D66000485079 /* Project object */ = {
			isa = PBXProject;
			attributes = {
				LastSwiftUpdateCheck = 0730;
				LastUpgradeCheck = 0730;
				ORGANIZATIONNAME = Tictect;
				TargetAttributes = {
					ED1771351F82D66000485079 = {
						CreatedOnToolsVersion = 7.3.1;
					};
				};
			};
			buildConfigurationList = ED1771311F82D66000485079 /* Build configuration list for PBXProject "Caratula" */;
			compatibilityVersion = "Xcode 3.2";
			developmentRegion = English;
			hasScannedForEncodings = 0;
			knownRegions = (
				en,
				Base,
			);
			mainGroup = ED17712D1F82D66000485079;
			productRefGroup = ED1771371F82D66000485079 /* Products */;
			projectDirPath = "";
			projectRoot = "";
			targets = (
				ED1771351F82D66000485079 /* Caratula */,
			);
		};
/* End PBXProject section */

/* Begin PBXResourcesBuildPhase section */
		ED1771341F82D66000485079 /* Resources */ = {
			isa = PBXResourcesBuildPhase;
			buildActionMask = 2147483647;
			files = (
				ED1771441F82D66000485079 /* LaunchScreen.storyboard in Resources */,
				ED1771411F82D66000485079 /* Assets.xcassets in Resources */,
				ED17713F1F82D66000485079 /* Main.storyboard in Resources */,
			);
			runOnlyForDeploymentPostprocessing = 0;
		};
/* End PBXResourcesBuildPhase section */

/* Begin PBXSourcesBuildPhase section */
		ED1771321F82D66000485079 /* Sources */ = {
			isa = PBXSourcesBuildPhase;
			buildActionMask = 2147483647;
			files = (
				ED17713C1F82D66000485079 /* ViewController.swift in Sources */,
				ED17713A1F82D66000485079 /* AppDelegate.swift in Sources */,
			);
			runOnlyForDeploymentPostprocessing = 0;
		};
/* End PBXSourcesBuildPhase section */

/* Begin PBXVariantGroup section */
		ED17713D1F82D66000485079 /* Main.storyboard */ = {
			isa = PBXVariantGroup;
			children = (
				ED17713E1F82D66000485079 /* Base */,
			);
			name = Main.storyboard;
			sourceTree = "<group>";
		};
		ED1771421F82D66000485079 /* LaunchScreen.storyboard */ = {
			isa = PBXVariantGroup;
			children = (
				ED1771431F82D66000485079 /* Base */,
			);
			name = LaunchScreen.storyboard;
			sourceTree = "<group>";
		};
/* End PBXVariantGroup section */

/* Begin XCBuildConfiguration section */
		ED1771461F82D66000485079 /* Debug */ = {
			isa = XCBuildConfiguration;
			buildSettings = {
				ALWAYS_SEARCH_USER_PATHS = NO;
				CLANG_ANALYZER_NONNULL = YES;
				CLANG_CXX_LANGUAGE_STANDARD = "gnu++0x";
				CLANG_CXX_LIBRARY = "libc++";
				CLANG_ENABLE_MODULES = YES;
				CLANG_ENABLE_OBJC_ARC = YES;
				CLANG_WARN_BOOL_CONVERSION = YES;
				CLANG_WARN_CONSTANT_CONVERSION = YES;
				CLANG_WARN_DIRECT_OBJC_ISA_USAGE = YES_ERROR;
				CLANG_WARN_EMPTY_BODY = YES;
				CLANG_WARN_ENUM_CONVERSION = YES;
				CLANG_WARN_INT_CONVERSION = YES;
				CLANG_WARN_OBJC_ROOT_CLASS = YES_ERROR;
				CLANG_WARN_UNREACHABLE_CODE = YES;
				CLANG_WARN__DUPLICATE_METHOD_MATCH = YES;
				"CODE_SIGN_IDENTITY[sdk=iphoneos*]" = "iPhone Developer";
				COPY_PHASE_STRIP = NO;
				DEBUG_INFORMATION_FORMAT = dwarf;
				ENABLE_STRICT_OBJC_MSGSEND = YES;
				ENABLE_TESTABILITY = YES;
				GCC_C_LANGUAGE_STANDARD = gnu99;
				GCC_DYNAMIC_NO_PIC = NO;
				GCC_NO_COMMON_BLOCKS = YES;
				GCC_OPTIMIZATION_LEVEL = 0;
				GCC_PREPROCESSOR_DEFINITIONS = (
					"DEBUG=1",
					"$(inherited)",
				);
				GCC_WARN_64_TO_32_BIT_CONVERSION = YES;
				GCC_WARN_ABOUT_RETURN_TYPE = YES_ERROR;
				GCC_WARN_UNDECLARED_SELECTOR = YES;
				GCC_WARN_UNINITIALIZED_AUTOS = YES_AGGRESSIVE;
				GCC_WARN_UNUSED_FUNCTION = YES;
				GCC_WARN_UNUSED_VARIABLE = YES;
				IPHONEOS_DEPLOYMENT_TARGET = 9.3;
				MTL_ENABLE_DEBUG_INFO = YES;
				ONLY_ACTIVE_ARCH = YES;
				SDKROOT = iphoneos;
				SWIFT_OPTIMIZATION_LEVEL = "-Onone";
			};
			name = Debug;
		};
		ED1771471F82D66000485079 /* Release */ = {
			isa = XCBuildConfiguration;
			buildSettings = {
				ALWAYS_SEARCH_USER_PATHS = NO;
				CLANG_ANALYZER_NONNULL = YES;
				CLANG_CXX_LANGUAGE_STANDARD = "gnu++0x";
				CLANG_CXX_LIBRARY = "libc++";
				CLANG_ENABLE_MODULES = YES;
				CLANG_ENABLE_OBJC_ARC = YES;
				CLANG_WARN_BOOL_CONVERSION = YES;
				CLANG_WARN_CONSTANT_CONVERSION = YES;
				CLANG_WARN_DIRECT_OBJC_ISA_USAGE = YES_ERROR;
				CLANG_WARN_EMPTY_BODY = YES;
				CLANG_WARN_ENUM_CONVERSION = YES;
				CLANG_WARN_INT_CONVERSION = YES;
				CLANG_WARN_OBJC_ROOT_CLASS = YES_ERROR;
				CLANG_WARN_UNREACHABLE_CODE = YES;
				CLANG_WARN__DUPLICATE_METHOD_MATCH = YES;
				"CODE_SIGN_IDENTITY[sdk=iphoneos*]" = "iPhone Developer";
				COPY_PHASE_STRIP = NO;
				DEBUG_INFORMATION_FORMAT = "dwarf-with-dsym";
				ENABLE_NS_ASSERTIONS = NO;
				ENABLE_STRICT_OBJC_MSGSEND = YES;
				GCC_C_LANGUAGE_STANDARD = gnu99;
				GCC_NO_COMMON_BLOCKS = YES;
				GCC_WARN_64_TO_32_BIT_CONVERSION = YES;
				GCC_WARN_ABOUT_RETURN_TYPE = YES_ERROR;
				GCC_WARN_UNDECLARED_SELECTOR = YES;
				GCC_WARN_UNINITIALIZED_AUTOS = YES_AGGRESSIVE;
				GCC_WARN_UNUSED_FUNCTION = YES;
				GCC_WARN_UNUSED_VARIABLE = YES;
				IPHONEOS_DEPLOYMENT_TARGET = 9.3;
				MTL_ENABLE_DEBUG_INFO = NO;
				SDKROOT = iphoneos;
				VALIDATE_PRODUCT = YES;
			};
			name = Release;
		};
		ED1771491F82D66000485079 /* Debug */ = {
			isa = XCBuildConfiguration;
			buildSettings = {
				ASSETCATALOG_COMPILER_APPICON_NAME = AppIcon;
				INFOPLIST_FILE = Caratula/Info.plist;
				LD_RUNPATH_SEARCH_PATHS = "$(inherited) @executable_path/Frameworks";
				PRODUCT_BUNDLE_IDENTIFIER = com.tictec.iosdeveloper.Caratula;
				PRODUCT_NAME = "$(TARGET_NAME)";
			};
			name = Debug;
		};
		ED17714A1F82D66000485079 /* Release */ = {
			isa = XCBuildConfiguration;
			buildSettings = {
				ASSETCATALOG_COMPILER_APPICON_NAME = AppIcon;
				INFOPLIST_FILE = Caratula/Info.plist;
				LD_RUNPATH_SEARCH_PATHS = "$(inherited) @executable_path/Frameworks";
				PRODUCT_BUNDLE_IDENTIFIER = com.tictec.iosdeveloper.Caratula;
				PRODUCT_NAME = "$(TARGET_NAME)";
			};
			name = Release;
		};
/* End XCBuildConfiguration section */

/* Begin XCConfigurationList section */
		ED1771311F82D66000485079 /* Build configuration list for PBXProject "Caratula" */ = {
			isa = XCConfigurationList;
			buildConfigurations = (
				ED1771461F82D66000485079 /* Debug */,
				ED1771471F82D66000485079 /* Release */,
			);
			defaultConfigurationIsVisible = 0;
			defaultConfigurationName = Release;
		};
		ED1771481F82D66000485079 /* Build configuration list for PBXNativeTarget "Caratula" */ = {
			isa = XCConfigurationList;
			buildConfigurations = (
				ED1771491F82D66000485079 /* Debug */,
				ED17714A1F82D66000485079 /* Release */,
			);
			defaultConfigurationIsVisible = 0;
		};
/* End XCConfigurationList section */
	};
	rootObject = ED17712E1F82D66000485079 /* Project object */;
}
